<?xml version="1.0" encoding="utf-8"?>
<Project ToolsVersion="4.0" xmlns="http://schemas.microsoft.com/developer/msbuild/2003">
  <ItemGroup>
    <ClCompile Include="addtwonumbers.cpp" />
    <ClCompile Include="ArithmeticSubarrays.cpp" />
    <ClCompile Include="DiagonalTraverse2.cpp" />
    <ClCompile Include="HappyNumber.cpp" />
    <ClCompile Include="LengthOfLongestSubstring.cpp" />
    <ClCompile Include="LongestPalindromicSubstring.cpp" />
    <ClCompile Include="main.cpp" />
    <ClCompile Include="medianoftwosortedarrays.cpp" />
    <ClCompile Include="MinimumTimeGarbageCollection.cpp" />
    <ClCompile Include="MissingNumberUnordered.cpp" />
    <ClCompile Include="PalindromeNumber.cpp" />
    <ClCompile Include="RegexMatching.cpp" />
    <ClCompile Include="RemoveDuplicatesFromSortedArray.cpp" />
    <ClCompile Include="SearchInsertPosition.cpp" />
    <ClCompile Include="StringToInteger.cpp" />
    <ClCompile Include="twosum.cpp" />
    <ClCompile Include="MaximumNrCoins.cpp" />
    <ClCompile Include="IntegerToRoman.cpp" />
    <ClCompile Include="ZigZagConversion.cpp" />
    <ClCompile Include="LargestSubmatrixWithRearrangements.cpp" />
    <ClCompile Include="NrWaysToDivideCorridor.cpp" />
    <ClCompile Include="MinTimeVisitingAllPoints.cpp" />
  </ItemGroup>
  <ItemGroup>
    <ClInclude Include="ArithmeticSubarrays.h" />
    <ClInclude Include="DiagonalTraverse2.h" />
    <ClInclude Include="HappyNumber.h" />
    <ClInclude Include="LengthOfLongestSubstring.h" />
    <ClInclude Include="LongestPalindromicSubstring.h" />
    <ClInclude Include="MinimumTimeGarbageCollection.h" />
    <ClInclude Include="PalindromeNumber.h" />
    <ClInclude Include="RegexMatching.h" />
    <ClInclude Include="RemoveDuplicatesFromSortedArray.h" />
    <ClInclude Include="SearchInsertPosition.h" />
    <ClInclude Include="StringToInteger.h" />
    <ClInclude Include="Testing.h" />
    <ClInclude Include="MaximumNrCoins.h" />
    <ClInclude Include="IntegerToRoman.h" />
    <ClInclude Include="ZigZagConversion.h" />
    <ClInclude Include="LargestSubmatrixWithRearrangements.h" />
    <ClInclude Include="NrWaysToDivideCorridor.h" />
    <ClInclude Include="MinTimeVisitingAllPoints.h" />
  </ItemGroup>
</Project>